
Microsoft Visual Studio Solution File, Format Version 12.00
# Visual Studio Version 17
VisualStudioVersion = 17.4.33213.308
MinimumVisualStudioVersion = 10.0.40219.1
Project("{FAE04EC0-301F-11D3-BF4B-00C04F79EFBC}") = "DizilerCalisma", "DizilerCalisma\DizilerCalisma.csproj", "{538DC165-B527-4616-9409-B24B539BA0AF}"
EndProject
Global
	GlobalSection(SolutionConfigurationPlatforms) = preSolution
		Debug|Any CPU = Debug|Any CPU
		Release|Any CPU = Release|Any CPU
	EndGlobalSection
	GlobalSection(ProjectConfigurationPlatforms) = postSolution
		{538DC165-B527-4616-9409-B24B539BA0AF}.Debug|Any CPU.ActiveCfg = Debug|Any CPU
		{538DC165-B527-4616-9409-B24B539BA0AF}.Debug|Any CPU.Build.0 = Debug|Any CPU
		{538DC165-B527-4616-9409-B24B539BA0AF}.Release|Any CPU.ActiveCfg = Release|Any CPU
		{538DC165-B527-4616-9409-B24B539BA0AF}.Release|Any CPU.Build.0 = Release|Any CPU
	EndGlobalSection
	GlobalSection(SolutionProperties) = preSolution
		HideSolutionNode = FALSE
	EndGlobalSection
	GlobalSection(ExtensibilityGlobals) = postSolution
		SolutionGuid = {E6B7EC6A-AA78-47B7-BFB5-478FF32DA390}
	EndGlobalSection
EndGlobal
